// !$*UTF8*$!
{
	archiveVersion = 1;
	classes = {
	};
	objectVersion = 46;
	objects = {

/* Begin PBXBuildFile section */
		3CF154891E49AA400015CE90 /* Assets.xcassets in Resources */ = {isa = PBXBuildFile; fileRef = 3CF154881E49AA400015CE90 /* Assets.xcassets */; };
		3CF154901E49AA400015CE90 /* MessagesExtension.appex in Embed App Extensions */ = {isa = PBXBuildFile; fileRef = 3CF1548F1E49AA400015CE90 /* MessagesExtension.appex */; settings = {ATTRIBUTES = (RemoveHeadersOnCopy, ); }; };
		3CF154951E49AA400015CE90 /* Messages.framework in Frameworks */ = {isa = PBXBuildFile; fileRef = 3CF154941E49AA400015CE90 /* Messages.framework */; };
		3CF154981E49AA400015CE90 /* MessagesViewController.swift in Sources */ = {isa = PBXBuildFile; fileRef = 3CF154971E49AA400015CE90 /* MessagesViewController.swift */; };
		3CF1549B1E49AA400015CE90 /* MainInterface.storyboard in Resources */ = {isa = PBXBuildFile; fileRef = 3CF154991E49AA400015CE90 /* MainInterface.storyboard */; };
		3CF1549D1E49AA400015CE90 /* Assets.xcassets in Resources */ = {isa = PBXBuildFile; fileRef = 3CF1549C1E49AA400015CE90 /* Assets.xcassets */; };
/* End PBXBuildFile section */

/* Begin PBXContainerItemProxy section */
		3CF154911E49AA400015CE90 /* PBXContainerItemProxy */ = {
			isa = PBXContainerItemProxy;
			containerPortal = 3CF1547F1E49AA400015CE90 /* Project object */;
			proxyType = 1;
			remoteGlobalIDString = 3CF1548E1E49AA400015CE90;
			remoteInfo = MessagesExtension;
		};
/* End PBXContainerItemProxy section */

/* Begin PBXCopyFilesBuildPhase section */
		3CF154A41E49AA400015CE90 /* Embed App Extensions */ = {
			isa = PBXCopyFilesBuildPhase;
			buildActionMask = 2147483647;
			dstPath = "";
			dstSubfolderSpec = 13;
			files = (
				3CF154901E49AA400015CE90 /* MessagesExtension.appex in Embed App Extensions */,
			);
			name = "Embed App Extensions";
			runOnlyForDeploymentPostprocessing = 0;
		};
/* End PBXCopyFilesBuildPhase section */

/* Begin PBXFileReference section */
		3CF154851E49AA400015CE90 /* TimeShare.app */ = {isa = PBXFileReference; explicitFileType = wrapper.application; includeInIndex = 0; path = TimeShare.app; sourceTree = BUILT_PRODUCTS_DIR; };
		3CF154881E49AA400015CE90 /* Assets.xcassets */ = {isa = PBXFileReference; lastKnownFileType = folder.assetcatalog; path = Assets.xcassets; sourceTree = "<group>"; };
		3CF1548A1E49AA400015CE90 /* Info.plist */ = {isa = PBXFileReference; lastKnownFileType = text.plist.xml; path = Info.plist; sourceTree = "<group>"; };
		3CF1548F1E49AA400015CE90 /* MessagesExtension.appex */ = {isa = PBXFileReference; explicitFileType = "wrapper.app-extension"; includeInIndex = 0; path = MessagesExtension.appex; sourceTree = BUILT_PRODUCTS_DIR; };
		3CF154941E49AA400015CE90 /* Messages.framework */ = {isa = PBXFileReference; lastKnownFileType = wrapper.framework; name = Messages.framework; path = System/Library/Frameworks/Messages.framework; sourceTree = SDKROOT; };
		3CF154971E49AA400015CE90 /* MessagesViewController.swift */ = {isa = PBXFileReference; lastKnownFileType = sourcecode.swift; path = MessagesViewController.swift; sourceTree = "<group>"; };
		3CF1549A1E49AA400015CE90 /* Base */ = {isa = PBXFileReference; lastKnownFileType = file.storyboard; name = Base; path = Base.lproj/MainInterface.storyboard; sourceTree = "<group>"; };
		3CF1549C1E49AA400015CE90 /* Assets.xcassets */ = {isa = PBXFileReference; lastKnownFileType = folder.assetcatalog; path = Assets.xcassets; sourceTree = "<group>"; };
		3CF1549E1E49AA400015CE90 /* Info.plist */ = {isa = PBXFileReference; lastKnownFileType = text.plist.xml; path = Info.plist; sourceTree = "<group>"; };
/* End PBXFileReference section */

/* Begin PBXFrameworksBuildPhase section */
		3CF1548C1E49AA400015CE90 /* Frameworks */ = {
			isa = PBXFrameworksBuildPhase;
			buildActionMask = 2147483647;
			files = (
				3CF154951E49AA400015CE90 /* Messages.framework in Frameworks */,
			);
			runOnlyForDeploymentPostprocessing = 0;
		};
/* End PBXFrameworksBuildPhase section */

/* Begin PBXGroup section */
		3CF1547E1E49AA400015CE90 = {
			isa = PBXGroup;
			children = (
				3CF154871E49AA400015CE90 /* TimeShare */,
				3CF154961E49AA400015CE90 /* MessagesExtension */,
				3CF154931E49AA400015CE90 /* Frameworks */,
				3CF154861E49AA400015CE90 /* Products */,
			);
			sourceTree = "<group>";
		};
		3CF154861E49AA400015CE90 /* Products */ = {
			isa = PBXGroup;
			children = (
				3CF154851E49AA400015CE90 /* TimeShare.app */,
				3CF1548F1E49AA400015CE90 /* MessagesExtension.appex */,
			);
			name = Products;
			sourceTree = "<group>";
		};
		3CF154871E49AA400015CE90 /* TimeShare */ = {
			isa = PBXGroup;
			children = (
				3CF154881E49AA400015CE90 /* Assets.xcassets */,
				3CF1548A1E49AA400015CE90 /* Info.plist */,
			);
			path = TimeShare;
			sourceTree = "<group>";
		};
		3CF154931E49AA400015CE90 /* Frameworks */ = {
			isa = PBXGroup;
			children = (
				3CF154941E49AA400015CE90 /* Messages.framework */,
			);
			name = Frameworks;
			sourceTree = "<group>";
		};
		3CF154961E49AA400015CE90 /* MessagesExtension */ = {
			isa = PBXGroup;
			children = (
				3CF154971E49AA400015CE90 /* MessagesViewController.swift */,
				3CF154991E49AA400015CE90 /* MainInterface.storyboard */,
				3CF1549C1E49AA400015CE90 /* Assets.xcassets */,
				3CF1549E1E49AA400015CE90 /* Info.plist */,
			);
			path = MessagesExtension;
			sourceTree = "<group>";
		};
/* End PBXGroup section */

/* Begin PBXNativeTarget section */
		3CF154841E49AA400015CE90 /* TimeShare */ = {
			isa = PBXNativeTarget;
			buildConfigurationList = 3CF154A51E49AA400015CE90 /* Build configuration list for PBXNativeTarget "TimeShare" */;
			buildPhases = (
				3CF154831E49AA400015CE90 /* Resources */,
				3CF154A41E49AA400015CE90 /* Embed App Extensions */,
			);
			buildRules = (
			);
			dependencies = (
				3CF154921E49AA400015CE90 /* PBXTargetDependency */,
			);
			name = TimeShare;
			productName = TimeShare;
			productReference = 3CF154851E49AA400015CE90 /* TimeShare.app */;
			productType = "com.apple.product-type.application.messages";
		};
		3CF1548E1E49AA400015CE90 /* MessagesExtension */ = {
			isa = PBXNativeTarget;
			buildConfigurationList = 3CF154A11E49AA400015CE90 /* Build configuration list for PBXNativeTarget "MessagesExtension" */;
			buildPhases = (
				3CF1548B1E49AA400015CE90 /* Sources */,
				3CF1548C1E49AA400015CE90 /* Frameworks */,
				3CF1548D1E49AA400015CE90 /* Resources */,
			);
			buildRules = (
			);
			dependencies = (
			);
			name = MessagesExtension;
			productName = MessagesExtension;
			productReference = 3CF1548F1E49AA400015CE90 /* MessagesExtension.appex */;
			productType = "com.apple.product-type.app-extension.messages";
		};
/* End PBXNativeTarget section */

/* Begin PBXProject section */
		3CF1547F1E49AA400015CE90 /* Project object */ = {
			isa = PBXProject;
			attributes = {
				LastSwiftUpdateCheck = 0820;
				LastUpgradeCheck = 0820;
				ORGANIZATIONNAME = "Daniel Wallace";
				TargetAttributes = {
					3CF154841E49AA400015CE90 = {
						CreatedOnToolsVersion = 8.2.1;
						DevelopmentTeam = JP5YDXJS2P;
						ProvisioningStyle = Automatic;
					};
					3CF1548E1E49AA400015CE90 = {
						CreatedOnToolsVersion = 8.2.1;
						DevelopmentTeam = JP5YDXJS2P;
						ProvisioningStyle = Automatic;
					};
				};
			};
			buildConfigurationList = 3CF154821E49AA400015CE90 /* Build configuration list for PBXProject "TimeShare" */;
			compatibilityVersion = "Xcode 3.2";
			developmentRegion = English;
			hasScannedForEncodings = 0;
			knownRegions = (
				en,
				Base,
			);
			mainGroup = 3CF1547E1E49AA400015CE90;
			productRefGroup = 3CF154861E49AA400015CE90 /* Products */;
			projectDirPath = "";
			projectRoot = "";
			targets = (
				3CF154841E49AA400015CE90 /* TimeShare */,
				3CF1548E1E49AA400015CE90 /* MessagesExtension */,
			);
		};
/* End PBXProject section */

/* Begin PBXResourcesBuildPhase section */
		3CF154831E49AA400015CE90 /* Resources */ = {
			isa = PBXResourcesBuildPhase;
			buildActionMask = 2147483647;
			files = (
				3CF154891E49AA400015CE90 /* Assets.xcassets in Resources */,
			);
			runOnlyForDeploymentPostprocessing = 0;
		};
		3CF1548D1E49AA400015CE90 /* Resources */ = {
			isa = PBXResourcesBuildPhase;
			buildActionMask = 2147483647;
			files = (
				3CF1549D1E49AA400015CE90 /* Assets.xcassets in Resources */,
				3CF1549B1E49AA400015CE90 /* MainInterface.storyboard in Resources */,
			);
			runOnlyForDeploymentPostprocessing = 0;
		};
/* End PBXResourcesBuildPhase section */

/* Begin PBXSourcesBuildPhase section */
		3CF1548B1E49AA400015CE90 /* Sources */ = {
			isa = PBXSourcesBuildPhase;
			buildActionMask = 2147483647;
			files = (
				3CF154981E49AA400015CE90 /* MessagesViewController.swift in Sources */,
			);
			runOnlyForDeploymentPostprocessing = 0;
		};
/* End PBXSourcesBuildPhase section */

/* Begin PBXTargetDependency section */
		3CF154921E49AA400015CE90 /* PBXTargetDependency */ = {
			isa = PBXTargetDependency;
			target = 3CF1548E1E49AA400015CE90 /* MessagesExtension */;
			targetProxy = 3CF154911E49AA400015CE90 /* PBXContainerItemProxy */;
		};
/* End PBXTargetDependency section */

/* Begin PBXVariantGroup section */
		3CF154991E49AA400015CE90 /* MainInterface.storyboard */ = {
			isa = PBXVariantGroup;
			children = (
				3CF1549A1E49AA400015CE90 /* Base */,
			);
			name = MainInterface.storyboard;
			sourceTree = "<group>";
		};
/* End PBXVariantGroup section */

/* Begin XCBuildConfiguration section */
		3CF1549F1E49AA400015CE90 /* Debug */ = {
			isa = XCBuildConfiguration;
			buildSettings = {
				ALWAYS_SEARCH_USER_PATHS = NO;
				CLANG_ANALYZER_NONNULL = YES;
				CLANG_CXX_LANGUAGE_STANDARD = "gnu++0x";
				CLANG_CXX_LIBRARY = "libc++";
				CLANG_ENABLE_MODULES = YES;
				CLANG_ENABLE_OBJC_ARC = YES;
				CLANG_WARN_BOOL_CONVERSION = YES;
				CLANG_WARN_CONSTANT_CONVERSION = YES;
				CLANG_WARN_DIRECT_OBJC_ISA_USAGE = YES_ERROR;
				CLANG_WARN_DOCUMENTATION_COMMENTS = YES;
				CLANG_WARN_EMPTY_BODY = YES;
				CLANG_WARN_ENUM_CONVERSION = YES;
				CLANG_WARN_INFINITE_RECURSION = YES;
				CLANG_WARN_INT_CONVERSION = YES;
				CLANG_WARN_OBJC_ROOT_CLASS = YES_ERROR;
				CLANG_WARN_SUSPICIOUS_MOVE = YES;
				CLANG_WARN_UNREACHABLE_CODE = YES;
				CLANG_WARN__DUPLICATE_METHOD_MATCH = YES;
				"CODE_SIGN_IDENTITY[sdk=iphoneos*]" = "iPhone Developer";
				COPY_PHASE_STRIP = NO;
				DEBUG_INFORMATION_FORMAT = dwarf;
				ENABLE_STRICT_OBJC_MSGSEND = YES;
				ENABLE_TESTABILITY = YES;
				GCC_C_LANGUAGE_STANDARD = gnu99;
				GCC_DYNAMIC_NO_PIC = NO;
				GCC_NO_COMMON_BLOCKS = YES;
				GCC_OPTIMIZATION_LEVEL = 0;
				GCC_PREPROCESSOR_DEFINITIONS = (
					"DEBUG=1",
					"$(inherited)",
				);
				GCC_WARN_64_TO_32_BIT_CONVERSION = YES;
				GCC_WARN_ABOUT_RETURN_TYPE = YES_ERROR;
				GCC_WARN_UNDECLARED_SELECTOR = YES;
				GCC_WARN_UNINITIALIZED_AUTOS = YES_AGGRESSIVE;
				GCC_WARN_UNUSED_FUNCTION = YES;
				GCC_WARN_UNUSED_VARIABLE = YES;
				IPHONEOS_DEPLOYMENT_TARGET = 10.2;
				MTL_ENABLE_DEBUG_INFO = YES;
				ONLY_ACTIVE_ARCH = YES;
				SDKROOT = iphoneos;
				SWIFT_ACTIVE_COMPILATION_CONDITIONS = DEBUG;
				SWIFT_OPTIMIZATION_LEVEL = "-Onone";
				TARGETED_DEVICE_FAMILY = "1,2";
			};
			name = Debug;
		};
		3CF154A01E49AA400015CE90 /* Release */ = {
			isa = XCBuildConfiguration;
			buildSettings = {
				ALWAYS_SEARCH_USER_PATHS = NO;
				CLANG_ANALYZER_NONNULL = YES;
				CLANG_CXX_LANGUAGE_STANDARD = "gnu++0x";
				CLANG_CXX_LIBRARY = "libc++";
				CLANG_ENABLE_MODULES = YES;
				CLANG_ENABLE_OBJC_ARC = YES;
				CLANG_WARN_BOOL_CONVERSION = YES;
				CLANG_WARN_CONSTANT_CONVERSION = YES;
				CLANG_WARN_DIRECT_OBJC_ISA_USAGE = YES_ERROR;
				CLANG_WARN_DOCUMENTATION_COMMENTS = YES;
				CLANG_WARN_EMPTY_BODY = YES;
				CLANG_WARN_ENUM_CONVERSION = YES;
				CLANG_WARN_INFINITE_RECURSION = YES;
				CLANG_WARN_INT_CONVERSION = YES;
				CLANG_WARN_OBJC_ROOT_CLASS = YES_ERROR;
				CLANG_WARN_SUSPICIOUS_MOVE = YES;
				CLANG_WARN_UNREACHABLE_CODE = YES;
				CLANG_WARN__DUPLICATE_METHOD_MATCH = YES;
				"CODE_SIGN_IDENTITY[sdk=iphoneos*]" = "iPhone Developer";
				COPY_PHASE_STRIP = NO;
				DEBUG_INFORMATION_FORMAT = "dwarf-with-dsym";
				ENABLE_NS_ASSERTIONS = NO;
				ENABLE_STRICT_OBJC_MSGSEND = YES;
				GCC_C_LANGUAGE_STANDARD = gnu99;
				GCC_NO_COMMON_BLOCKS = YES;
				GCC_WARN_64_TO_32_BIT_CONVERSION = YES;
				GCC_WARN_ABOUT_RETURN_TYPE = YES_ERROR;
				GCC_WARN_UNDECLARED_SELECTOR = YES;
				GCC_WARN_UNINITIALIZED_AUTOS = YES_AGGRESSIVE;
				GCC_WARN_UNUSED_FUNCTION = YES;
				GCC_WARN_UNUSED_VARIABLE = YES;
				IPHONEOS_DEPLOYMENT_TARGET = 10.2;
				MTL_ENABLE_DEBUG_INFO = NO;
				SDKROOT = iphoneos;
				SWIFT_OPTIMIZATION_LEVEL = "-Owholemodule";
				TARGETED_DEVICE_FAMILY = "1,2";
				VALIDATE_PRODUCT = YES;
			};
			name = Release;
		};
		3CF154A21E49AA400015CE90 /* Debug */ = {
			isa = XCBuildConfiguration;
			buildSettings = {
				ASSETCATALOG_COMPILER_APPICON_NAME = "iMessage App Icon";
				DEVELOPMENT_TEAM = JP5YDXJS2P;
				INFOPLIST_FILE = MessagesExtension/Info.plist;
				LD_RUNPATH_SEARCH_PATHS = "$(inherited) @executable_path/Frameworks @executable_path/../../Frameworks";
				PRODUCT_BUNDLE_IDENTIFIER = nz.co.danwallace.TimeShare.MessagesExtension;
				PRODUCT_NAME = "$(TARGET_NAME)";
				SKIP_INSTALL = YES;
				SWIFT_VERSION = 3.0;
			};
			name = Debug;
		};
		3CF154A31E49AA400015CE90 /* Release */ = {
			isa = XCBuildConfiguration;
			buildSettings = {
				ASSETCATALOG_COMPILER_APPICON_NAME = "iMessage App Icon";
				DEVELOPMENT_TEAM = JP5YDXJS2P;
				INFOPLIST_FILE = MessagesExtension/Info.plist;
				LD_RUNPATH_SEARCH_PATHS = "$(inherited) @executable_path/Frameworks @executable_path/../../Frameworks";
				PRODUCT_BUNDLE_IDENTIFIER = nz.co.danwallace.TimeShare.MessagesExtension;
				PRODUCT_NAME = "$(TARGET_NAME)";
				SKIP_INSTALL = YES;
				SWIFT_VERSION = 3.0;
			};
			name = Release;
		};
		3CF154A61E49AA400015CE90 /* Debug */ = {
			isa = XCBuildConfiguration;
			buildSettings = {
				ALWAYS_EMBED_SWIFT_STANDARD_LIBRARIES = YES;
				ASSETCATALOG_COMPILER_APPICON_NAME = AppIcon;
				DEVELOPMENT_TEAM = JP5YDXJS2P;
				INFOPLIST_FILE = TimeShare/Info.plist;
				PRODUCT_BUNDLE_IDENTIFIER = nz.co.danwallace.TimeShare;
				PRODUCT_NAME = "$(TARGET_NAME)";
				SWIFT_VERSION = 3.0;
			};
			name = Debug;
		};
		3CF154A71E49AA400015CE90 /* Release */ = {
			isa = XCBuildConfiguration;
			buildSettings = {
				ALWAYS_EMBED_SWIFT_STANDARD_LIBRARIES = YES;
				ASSETCATALOG_COMPILER_APPICON_NAME = AppIcon;
				DEVELOPMENT_TEAM = JP5YDXJS2P;
				INFOPLIST_FILE = TimeShare/Info.plist;
				PRODUCT_BUNDLE_IDENTIFIER = nz.co.danwallace.TimeShare;
				PRODUCT_NAME = "$(TARGET_NAME)";
				SWIFT_VERSION = 3.0;
			};
			name = Release;
		};
/* End XCBuildConfiguration section */

/* Begin XCConfigurationList section */
		3CF154821E49AA400015CE90 /* Build configuration list for PBXProject "TimeShare" */ = {
			isa = XCConfigurationList;
			buildConfigurations = (
				3CF1549F1E49AA400015CE90 /* Debug */,
				3CF154A01E49AA400015CE90 /* Release */,
			);
			defaultConfigurationIsVisible = 0;
			defaultConfigurationName = Release;
		};
		3CF154A11E49AA400015CE90 /* Build configuration list for PBXNativeTarget "MessagesExtension" */ = {
			isa = XCConfigurationList;
			buildConfigurations = (
				3CF154A21E49AA400015CE90 /* Debug */,
				3CF154A31E49AA400015CE90 /* Release */,
			);
			defaultConfigurationIsVisible = 0;
		};
		3CF154A51E49AA400015CE90 /* Build configuration list for PBXNativeTarget "TimeShare" */ = {
			isa = XCConfigurationList;
			buildConfigurations = (
				3CF154A61E49AA400015CE90 /* Debug */,
				3CF154A71E49AA400015CE90 /* Release */,
			);
			defaultConfigurationIsVisible = 0;
		};
/* End XCConfigurationList section */
	};
	rootObject = 3CF1547F1E49AA400015CE90 /* Project object */;
}
